
Microsoft Visual Studio Solution File, Format Version 12.00
# Visual Studio Version 16
VisualStudioVersion = 16.0.30225.117
MinimumVisualStudioVersion = 10.0.40219.1
Project("{FAE04EC0-301F-11D3-BF4B-00C04F79EFBC}") = "NoMoreFreeEnergy", "NoMoreFreeEnergy.csproj", "{7EBEACCB-750D-44FE-A147-F20F25B1662C}"
EndProject
Project("{2150E333-8FDC-42A3-9474-1A3956D46DE8}") = "Solution Items", "Solution Items", "{059945FA-E12E-4B3D-A678-F023AFC19F3D}"
	ProjectSection(SolutionItems) = preProject
		..\..\..\CHANGELOG.md = ..\..\..\CHANGELOG.md
		..\..\..\LICENSE.txt = ..\..\..\LICENSE.txt
		..\..\..\WORKSHOP.bbcode = ..\..\..\WORKSHOP.bbcode
	EndProjectSection
EndProject
Global
	GlobalSection(SolutionConfigurationPlatforms) = preSolution
		Debug|Any CPU = Debug|Any CPU
		Release|Any CPU = Release|Any CPU
	EndGlobalSection
	GlobalSection(ProjectConfigurationPlatforms) = postSolution
		{7EBEACCB-750D-44FE-A147-F20F25B1662C}.Debug|Any CPU.ActiveCfg = Debug|Any CPU
		{7EBEACCB-750D-44FE-A147-F20F25B1662C}.Debug|Any CPU.Build.0 = Debug|Any CPU
		{7EBEACCB-750D-44FE-A147-F20F25B1662C}.Release|Any CPU.ActiveCfg = Release|Any CPU
		{7EBEACCB-750D-44FE-A147-F20F25B1662C}.Release|Any CPU.Build.0 = Release|Any CPU
	EndGlobalSection
	GlobalSection(SolutionProperties) = preSolution
		HideSolutionNode = FALSE
	EndGlobalSection
	GlobalSection(ExtensibilityGlobals) = postSolution
		SolutionGuid = {08C59521-1335-4E9F-8A5B-7AF3C04D4FA1}
	EndGlobalSection
EndGlobal
